dependencies:
  idf:
    component_hash: null
    source:
      type: idf
    version: 5.1.2
  joltwallet/littlefs:
    component_hash: 03a21848de65d85a1f914dd6fb9dea5e75e794989d70d185a007e27c3046bb92
    source:
      service_url: https://api.components.espressif.com/
      type: service
    version: 1.14.1
manifest_hash: 89e13770367fc36792fa09e31ed512744d3e5e7e9a91d41f60bf85390d7792b8
target: esp32
version: 1.0.0
